
Microsoft Visual Studio Solution File, Format Version 12.00
# Visual Studio 15
VisualStudioVersion = 15.0.27703.2042
MinimumVisualStudioVersion = 10.0.40219.1
Project("{FAE04EC0-301F-11D3-BF4B-00C04F79EFBC}") = "OcelotTemplate", "OcelotTemplate\OcelotTemplate.csproj", "{020B4F87-6F1A-46E9-8B8D-13CA1BB8802C}"
EndProject
Global
	GlobalSection(SolutionConfigurationPlatforms) = preSolution
		Debug|Any CPU = Debug|Any CPU
		Release|Any CPU = Release|Any CPU
	EndGlobalSection
	GlobalSection(ProjectConfigurationPlatforms) = postSolution
		{020B4F87-6F1A-46E9-8B8D-13CA1BB8802C}.Debug|Any CPU.ActiveCfg = Debug|Any CPU
		{020B4F87-6F1A-46E9-8B8D-13CA1BB8802C}.Debug|Any CPU.Build.0 = Debug|Any CPU
		{020B4F87-6F1A-46E9-8B8D-13CA1BB8802C}.Release|Any CPU.ActiveCfg = Release|Any CPU
		{020B4F87-6F1A-46E9-8B8D-13CA1BB8802C}.Release|Any CPU.Build.0 = Release|Any CPU
	EndGlobalSection
	GlobalSection(SolutionProperties) = preSolution
		HideSolutionNode = FALSE
	EndGlobalSection
	GlobalSection(ExtensibilityGlobals) = postSolution
		SolutionGuid = {A7424C01-86EF-4DB8-999E-784C16D31ED3}
	EndGlobalSection
EndGlobal
